
Microsoft Visual Studio Solution File, Format Version 11.00
# Visual Studio 2010
Project("{FAE04EC0-301F-11D3-BF4B-00C04F79EFBC}") = "PatternPA.Core", "app\PatternPA.Core\PatternPA.Core.csproj", "{D030EBAC-67F7-4F40-A379-7139402A93DE}"
EndProject
Project("{FAE04EC0-301F-11D3-BF4B-00C04F79EFBC}") = "PatternPA.Infrastructure", "app\PatternPA.Infrastructure\PatternPA.Infrastructure.csproj", "{3408D3E7-809F-4BCB-B102-7E449D75F786}"
EndProject
Project("{FAE04EC0-301F-11D3-BF4B-00C04F79EFBC}") = "PatternPA.Container", "app\PatternPA.Container\PatternPA.Container.csproj", "{11662EB6-9FB0-4C64-A815-37E8F5490D71}"
EndProject
Project("{FAE04EC0-301F-11D3-BF4B-00C04F79EFBC}") = "PatternPA.Utils", "app\PatternPA.Utils\PatternPA.Utils.csproj", "{D7113DCD-84EB-45FE-8ED5-7565FF239BBA}"
EndProject
Project("{2150E333-8FDC-42A3-9474-1A3956D46DE8}") = "app", "app", "{ECB523E6-D7D7-43DD-8D77-FF0D138E4210}"
EndProject
Project("{2150E333-8FDC-42A3-9474-1A3956D46DE8}") = "test", "test", "{0E33916A-5CEE-424B-8989-C6C051C4A11A}"
EndProject
Project("{FAE04EC0-301F-11D3-BF4B-00C04F79EFBC}") = "PatternPA.Test.Integration", "test\PatternPA.Test.Integration\PatternPA.Test.Integration.csproj", "{5051A0FF-41F2-4B80-B218-40B03AE7524E}"
EndProject
Project("{FAE04EC0-301F-11D3-BF4B-00C04F79EFBC}") = "PatternPA.Test.Utils", "test\PatternPA.Test.Utils\PatternPA.Test.Utils.csproj", "{4363B988-7C52-466D-913A-D014470586DE}"
EndProject
Project("{FAE04EC0-301F-11D3-BF4B-00C04F79EFBC}") = "PatternPA.ServiceInfrastructure", "app\PatternPA.ServiceInfrastructure\PatternPA.ServiceInfrastructure.csproj", "{3699D9BC-8E99-4471-A7EA-2BD943F0B2E0}"
EndProject
Project("{FAE04EC0-301F-11D3-BF4B-00C04F79EFBC}") = "PatternPA.Data", "app\PatternPA.Data\PatternPA.Data.csproj", "{F2F2A8D3-B07E-48E7-965E-B169D698F0E1}"
EndProject
Project("{FAE04EC0-301F-11D3-BF4B-00C04F79EFBC}") = "PatternPA.Test.Core", "test\PatternPA.Test.Core\PatternPA.Test.Core.csproj", "{37EADFCD-041A-4815-B1D8-B6CEF2862892}"
EndProject
Global
	GlobalSection(SolutionConfigurationPlatforms) = preSolution
		Debug|Any CPU = Debug|Any CPU
		Debug|Mixed Platforms = Debug|Mixed Platforms
		Debug|x86 = Debug|x86
		Production|Any CPU = Production|Any CPU
		Production|Mixed Platforms = Production|Mixed Platforms
		Production|x86 = Production|x86
		Release|Any CPU = Release|Any CPU
		Release|Mixed Platforms = Release|Mixed Platforms
		Release|x86 = Release|x86
		UAT|Any CPU = UAT|Any CPU
		UAT|Mixed Platforms = UAT|Mixed Platforms
		UAT|x86 = UAT|x86
	EndGlobalSection
	GlobalSection(ProjectConfigurationPlatforms) = postSolution
		{D030EBAC-67F7-4F40-A379-7139402A93DE}.Debug|Any CPU.ActiveCfg = Debug|Any CPU
		{D030EBAC-67F7-4F40-A379-7139402A93DE}.Debug|Any CPU.Build.0 = Debug|Any CPU
		{D030EBAC-67F7-4F40-A379-7139402A93DE}.Debug|Mixed Platforms.ActiveCfg = Debug|Any CPU
		{D030EBAC-67F7-4F40-A379-7139402A93DE}.Debug|Mixed Platforms.Build.0 = Debug|Any CPU
		{D030EBAC-67F7-4F40-A379-7139402A93DE}.Debug|x86.ActiveCfg = Debug|Any CPU
		{D030EBAC-67F7-4F40-A379-7139402A93DE}.Production|Any CPU.ActiveCfg = Production|Any CPU
		{D030EBAC-67F7-4F40-A379-7139402A93DE}.Production|Any CPU.Build.0 = Production|Any CPU
		{D030EBAC-67F7-4F40-A379-7139402A93DE}.Production|Mixed Platforms.ActiveCfg = Production|Any CPU
		{D030EBAC-67F7-4F40-A379-7139402A93DE}.Production|Mixed Platforms.Build.0 = Production|Any CPU
		{D030EBAC-67F7-4F40-A379-7139402A93DE}.Production|x86.ActiveCfg = Production|Any CPU
		{D030EBAC-67F7-4F40-A379-7139402A93DE}.Release|Any CPU.ActiveCfg = Release|Any CPU
		{D030EBAC-67F7-4F40-A379-7139402A93DE}.Release|Any CPU.Build.0 = Release|Any CPU
		{D030EBAC-67F7-4F40-A379-7139402A93DE}.Release|Mixed Platforms.ActiveCfg = Release|Any CPU
		{D030EBAC-67F7-4F40-A379-7139402A93DE}.Release|Mixed Platforms.Build.0 = Release|Any CPU
		{D030EBAC-67F7-4F40-A379-7139402A93DE}.Release|x86.ActiveCfg = Release|Any CPU
		{D030EBAC-67F7-4F40-A379-7139402A93DE}.UAT|Any CPU.ActiveCfg = UAT|Any CPU
		{D030EBAC-67F7-4F40-A379-7139402A93DE}.UAT|Any CPU.Build.0 = UAT|Any CPU
		{D030EBAC-67F7-4F40-A379-7139402A93DE}.UAT|Mixed Platforms.ActiveCfg = UAT|Any CPU
		{D030EBAC-67F7-4F40-A379-7139402A93DE}.UAT|Mixed Platforms.Build.0 = UAT|Any CPU
		{D030EBAC-67F7-4F40-A379-7139402A93DE}.UAT|x86.ActiveCfg = UAT|Any CPU
		{3408D3E7-809F-4BCB-B102-7E449D75F786}.Debug|Any CPU.ActiveCfg = Debug|x86
		{3408D3E7-809F-4BCB-B102-7E449D75F786}.Debug|Mixed Platforms.ActiveCfg = Debug|x86
		{3408D3E7-809F-4BCB-B102-7E449D75F786}.Debug|Mixed Platforms.Build.0 = Debug|x86
		{3408D3E7-809F-4BCB-B102-7E449D75F786}.Debug|x86.ActiveCfg = Debug|x86
		{3408D3E7-809F-4BCB-B102-7E449D75F786}.Debug|x86.Build.0 = Debug|x86
		{3408D3E7-809F-4BCB-B102-7E449D75F786}.Production|Any CPU.ActiveCfg = Production|x86
		{3408D3E7-809F-4BCB-B102-7E449D75F786}.Production|Mixed Platforms.ActiveCfg = Production|x86
		{3408D3E7-809F-4BCB-B102-7E449D75F786}.Production|Mixed Platforms.Build.0 = Production|x86
		{3408D3E7-809F-4BCB-B102-7E449D75F786}.Production|x86.ActiveCfg = Production|x86
		{3408D3E7-809F-4BCB-B102-7E449D75F786}.Production|x86.Build.0 = Production|x86
		{3408D3E7-809F-4BCB-B102-7E449D75F786}.Release|Any CPU.ActiveCfg = Release|x86
		{3408D3E7-809F-4BCB-B102-7E449D75F786}.Release|Mixed Platforms.ActiveCfg = Release|x86
		{3408D3E7-809F-4BCB-B102-7E449D75F786}.Release|Mixed Platforms.Build.0 = Release|x86
		{3408D3E7-809F-4BCB-B102-7E449D75F786}.Release|x86.ActiveCfg = Release|x86
		{3408D3E7-809F-4BCB-B102-7E449D75F786}.Release|x86.Build.0 = Release|x86
		{3408D3E7-809F-4BCB-B102-7E449D75F786}.UAT|Any CPU.ActiveCfg = UAT|x86
		{3408D3E7-809F-4BCB-B102-7E449D75F786}.UAT|Mixed Platforms.ActiveCfg = UAT|x86
		{3408D3E7-809F-4BCB-B102-7E449D75F786}.UAT|Mixed Platforms.Build.0 = UAT|x86
		{3408D3E7-809F-4BCB-B102-7E449D75F786}.UAT|x86.ActiveCfg = UAT|x86
		{3408D3E7-809F-4BCB-B102-7E449D75F786}.UAT|x86.Build.0 = UAT|x86
		{11662EB6-9FB0-4C64-A815-37E8F5490D71}.Debug|Any CPU.ActiveCfg = Debug|Any CPU
		{11662EB6-9FB0-4C64-A815-37E8F5490D71}.Debug|Any CPU.Build.0 = Debug|Any CPU
		{11662EB6-9FB0-4C64-A815-37E8F5490D71}.Debug|Mixed Platforms.ActiveCfg = Debug|Any CPU
		{11662EB6-9FB0-4C64-A815-37E8F5490D71}.Debug|Mixed Platforms.Build.0 = Debug|Any CPU
		{11662EB6-9FB0-4C64-A815-37E8F5490D71}.Debug|x86.ActiveCfg = Debug|Any CPU
		{11662EB6-9FB0-4C64-A815-37E8F5490D71}.Production|Any CPU.ActiveCfg = Production|Any CPU
		{11662EB6-9FB0-4C64-A815-37E8F5490D71}.Production|Any CPU.Build.0 = Production|Any CPU
		{11662EB6-9FB0-4C64-A815-37E8F5490D71}.Production|Mixed Platforms.ActiveCfg = Production|Any CPU
		{11662EB6-9FB0-4C64-A815-37E8F5490D71}.Production|Mixed Platforms.Build.0 = Production|Any CPU
		{11662EB6-9FB0-4C64-A815-37E8F5490D71}.Production|x86.ActiveCfg = Production|Any CPU
		{11662EB6-9FB0-4C64-A815-37E8F5490D71}.Release|Any CPU.ActiveCfg = Release|Any CPU
		{11662EB6-9FB0-4C64-A815-37E8F5490D71}.Release|Any CPU.Build.0 = Release|Any CPU
		{11662EB6-9FB0-4C64-A815-37E8F5490D71}.Release|Mixed Platforms.ActiveCfg = Release|Any CPU
		{11662EB6-9FB0-4C64-A815-37E8F5490D71}.Release|Mixed Platforms.Build.0 = Release|Any CPU
		{11662EB6-9FB0-4C64-A815-37E8F5490D71}.Release|x86.ActiveCfg = Release|Any CPU
		{11662EB6-9FB0-4C64-A815-37E8F5490D71}.UAT|Any CPU.ActiveCfg = UAT|Any CPU
		{11662EB6-9FB0-4C64-A815-37E8F5490D71}.UAT|Any CPU.Build.0 = UAT|Any CPU
		{11662EB6-9FB0-4C64-A815-37E8F5490D71}.UAT|Mixed Platforms.ActiveCfg = UAT|Any CPU
		{11662EB6-9FB0-4C64-A815-37E8F5490D71}.UAT|Mixed Platforms.Build.0 = UAT|Any CPU
		{11662EB6-9FB0-4C64-A815-37E8F5490D71}.UAT|x86.ActiveCfg = UAT|Any CPU
		{D7113DCD-84EB-45FE-8ED5-7565FF239BBA}.Debug|Any CPU.ActiveCfg = Debug|Any CPU
		{D7113DCD-84EB-45FE-8ED5-7565FF239BBA}.Debug|Any CPU.Build.0 = Debug|Any CPU
		{D7113DCD-84EB-45FE-8ED5-7565FF239BBA}.Debug|Mixed Platforms.ActiveCfg = Debug|Any CPU
		{D7113DCD-84EB-45FE-8ED5-7565FF239BBA}.Debug|Mixed Platforms.Build.0 = Debug|Any CPU
		{D7113DCD-84EB-45FE-8ED5-7565FF239BBA}.Debug|x86.ActiveCfg = Debug|Any CPU
		{D7113DCD-84EB-45FE-8ED5-7565FF239BBA}.Production|Any CPU.ActiveCfg = Production|Any CPU
		{D7113DCD-84EB-45FE-8ED5-7565FF239BBA}.Production|Any CPU.Build.0 = Production|Any CPU
		{D7113DCD-84EB-45FE-8ED5-7565FF239BBA}.Production|Mixed Platforms.ActiveCfg = Production|Any CPU
		{D7113DCD-84EB-45FE-8ED5-7565FF239BBA}.Production|Mixed Platforms.Build.0 = Production|Any CPU
		{D7113DCD-84EB-45FE-8ED5-7565FF239BBA}.Production|x86.ActiveCfg = Production|Any CPU
		{D7113DCD-84EB-45FE-8ED5-7565FF239BBA}.Release|Any CPU.ActiveCfg = Release|Any CPU
		{D7113DCD-84EB-45FE-8ED5-7565FF239BBA}.Release|Any CPU.Build.0 = Release|Any CPU
		{D7113DCD-84EB-45FE-8ED5-7565FF239BBA}.Release|Mixed Platforms.ActiveCfg = Release|Any CPU
		{D7113DCD-84EB-45FE-8ED5-7565FF239BBA}.Release|Mixed Platforms.Build.0 = Release|Any CPU
		{D7113DCD-84EB-45FE-8ED5-7565FF239BBA}.Release|x86.ActiveCfg = Release|Any CPU
		{D7113DCD-84EB-45FE-8ED5-7565FF239BBA}.UAT|Any CPU.ActiveCfg = UAT|Any CPU
		{D7113DCD-84EB-45FE-8ED5-7565FF239BBA}.UAT|Any CPU.Build.0 = UAT|Any CPU
		{D7113DCD-84EB-45FE-8ED5-7565FF239BBA}.UAT|Mixed Platforms.ActiveCfg = UAT|Any CPU
		{D7113DCD-84EB-45FE-8ED5-7565FF239BBA}.UAT|Mixed Platforms.Build.0 = UAT|Any CPU
		{D7113DCD-84EB-45FE-8ED5-7565FF239BBA}.UAT|x86.ActiveCfg = UAT|Any CPU
		{5051A0FF-41F2-4B80-B218-40B03AE7524E}.Debug|Any CPU.ActiveCfg = Debug|Any CPU
		{5051A0FF-41F2-4B80-B218-40B03AE7524E}.Debug|Any CPU.Build.0 = Debug|Any CPU
		{5051A0FF-41F2-4B80-B218-40B03AE7524E}.Debug|Mixed Platforms.ActiveCfg = Debug|Any CPU
		{5051A0FF-41F2-4B80-B218-40B03AE7524E}.Debug|Mixed Platforms.Build.0 = Debug|Any CPU
		{5051A0FF-41F2-4B80-B218-40B03AE7524E}.Debug|x86.ActiveCfg = Debug|Any CPU
		{5051A0FF-41F2-4B80-B218-40B03AE7524E}.Production|Any CPU.ActiveCfg = Production|Any CPU
		{5051A0FF-41F2-4B80-B218-40B03AE7524E}.Production|Any CPU.Build.0 = Production|Any CPU
		{5051A0FF-41F2-4B80-B218-40B03AE7524E}.Production|Mixed Platforms.ActiveCfg = Production|Any CPU
		{5051A0FF-41F2-4B80-B218-40B03AE7524E}.Production|Mixed Platforms.Build.0 = Production|Any CPU
		{5051A0FF-41F2-4B80-B218-40B03AE7524E}.Production|x86.ActiveCfg = Production|Any CPU
		{5051A0FF-41F2-4B80-B218-40B03AE7524E}.Release|Any CPU.ActiveCfg = Release|Any CPU
		{5051A0FF-41F2-4B80-B218-40B03AE7524E}.Release|Any CPU.Build.0 = Release|Any CPU
		{5051A0FF-41F2-4B80-B218-40B03AE7524E}.Release|Mixed Platforms.ActiveCfg = Release|Any CPU
		{5051A0FF-41F2-4B80-B218-40B03AE7524E}.Release|Mixed Platforms.Build.0 = Release|Any CPU
		{5051A0FF-41F2-4B80-B218-40B03AE7524E}.Release|x86.ActiveCfg = Release|Any CPU
		{5051A0FF-41F2-4B80-B218-40B03AE7524E}.UAT|Any CPU.ActiveCfg = UAT|Any CPU
		{5051A0FF-41F2-4B80-B218-40B03AE7524E}.UAT|Any CPU.Build.0 = UAT|Any CPU
		{5051A0FF-41F2-4B80-B218-40B03AE7524E}.UAT|Mixed Platforms.ActiveCfg = UAT|Any CPU
		{5051A0FF-41F2-4B80-B218-40B03AE7524E}.UAT|Mixed Platforms.Build.0 = UAT|Any CPU
		{5051A0FF-41F2-4B80-B218-40B03AE7524E}.UAT|x86.ActiveCfg = UAT|Any CPU
		{4363B988-7C52-466D-913A-D014470586DE}.Debug|Any CPU.ActiveCfg = Debug|Any CPU
		{4363B988-7C52-466D-913A-D014470586DE}.Debug|Any CPU.Build.0 = Debug|Any CPU
		{4363B988-7C52-466D-913A-D014470586DE}.Debug|Mixed Platforms.ActiveCfg = Debug|Any CPU
		{4363B988-7C52-466D-913A-D014470586DE}.Debug|Mixed Platforms.Build.0 = Debug|Any CPU
		{4363B988-7C52-466D-913A-D014470586DE}.Debug|x86.ActiveCfg = Debug|Any CPU
		{4363B988-7C52-466D-913A-D014470586DE}.Production|Any CPU.ActiveCfg = Production|Any CPU
		{4363B988-7C52-466D-913A-D014470586DE}.Production|Any CPU.Build.0 = Production|Any CPU
		{4363B988-7C52-466D-913A-D014470586DE}.Production|Mixed Platforms.ActiveCfg = Production|Any CPU
		{4363B988-7C52-466D-913A-D014470586DE}.Production|Mixed Platforms.Build.0 = Production|Any CPU
		{4363B988-7C52-466D-913A-D014470586DE}.Production|x86.ActiveCfg = Production|Any CPU
		{4363B988-7C52-466D-913A-D014470586DE}.Release|Any CPU.ActiveCfg = Release|Any CPU
		{4363B988-7C52-466D-913A-D014470586DE}.Release|Any CPU.Build.0 = Release|Any CPU
		{4363B988-7C52-466D-913A-D014470586DE}.Release|Mixed Platforms.ActiveCfg = Release|Any CPU
		{4363B988-7C52-466D-913A-D014470586DE}.Release|Mixed Platforms.Build.0 = Release|Any CPU
		{4363B988-7C52-466D-913A-D014470586DE}.Release|x86.ActiveCfg = Release|Any CPU
		{4363B988-7C52-466D-913A-D014470586DE}.UAT|Any CPU.ActiveCfg = UAT|Any CPU
		{4363B988-7C52-466D-913A-D014470586DE}.UAT|Any CPU.Build.0 = UAT|Any CPU
		{4363B988-7C52-466D-913A-D014470586DE}.UAT|Mixed Platforms.ActiveCfg = UAT|Any CPU
		{4363B988-7C52-466D-913A-D014470586DE}.UAT|Mixed Platforms.Build.0 = UAT|Any CPU
		{4363B988-7C52-466D-913A-D014470586DE}.UAT|x86.ActiveCfg = UAT|Any CPU
		{3699D9BC-8E99-4471-A7EA-2BD943F0B2E0}.Debug|Any CPU.ActiveCfg = Debug|Any CPU
		{3699D9BC-8E99-4471-A7EA-2BD943F0B2E0}.Debug|Any CPU.Build.0 = Debug|Any CPU
		{3699D9BC-8E99-4471-A7EA-2BD943F0B2E0}.Debug|Mixed Platforms.ActiveCfg = Debug|Any CPU
		{3699D9BC-8E99-4471-A7EA-2BD943F0B2E0}.Debug|Mixed Platforms.Build.0 = Debug|Any CPU
		{3699D9BC-8E99-4471-A7EA-2BD943F0B2E0}.Debug|x86.ActiveCfg = Debug|Any CPU
		{3699D9BC-8E99-4471-A7EA-2BD943F0B2E0}.Production|Any CPU.ActiveCfg = Production|Any CPU
		{3699D9BC-8E99-4471-A7EA-2BD943F0B2E0}.Production|Any CPU.Build.0 = Production|Any CPU
		{3699D9BC-8E99-4471-A7EA-2BD943F0B2E0}.Production|Mixed Platforms.ActiveCfg = Production|Any CPU
		{3699D9BC-8E99-4471-A7EA-2BD943F0B2E0}.Production|Mixed Platforms.Build.0 = Production|Any CPU
		{3699D9BC-8E99-4471-A7EA-2BD943F0B2E0}.Production|x86.ActiveCfg = Production|Any CPU
		{3699D9BC-8E99-4471-A7EA-2BD943F0B2E0}.Release|Any CPU.ActiveCfg = Release|Any CPU
		{3699D9BC-8E99-4471-A7EA-2BD943F0B2E0}.Release|Any CPU.Build.0 = Release|Any CPU
		{3699D9BC-8E99-4471-A7EA-2BD943F0B2E0}.Release|Mixed Platforms.ActiveCfg = Release|Any CPU
		{3699D9BC-8E99-4471-A7EA-2BD943F0B2E0}.Release|Mixed Platforms.Build.0 = Release|Any CPU
		{3699D9BC-8E99-4471-A7EA-2BD943F0B2E0}.Release|x86.ActiveCfg = Release|Any CPU
		{3699D9BC-8E99-4471-A7EA-2BD943F0B2E0}.UAT|Any CPU.ActiveCfg = UAT|Any CPU
		{3699D9BC-8E99-4471-A7EA-2BD943F0B2E0}.UAT|Any CPU.Build.0 = UAT|Any CPU
		{3699D9BC-8E99-4471-A7EA-2BD943F0B2E0}.UAT|Mixed Platforms.ActiveCfg = UAT|Any CPU
		{3699D9BC-8E99-4471-A7EA-2BD943F0B2E0}.UAT|Mixed Platforms.Build.0 = UAT|Any CPU
		{3699D9BC-8E99-4471-A7EA-2BD943F0B2E0}.UAT|x86.ActiveCfg = UAT|Any CPU
		{F2F2A8D3-B07E-48E7-965E-B169D698F0E1}.Debug|Any CPU.ActiveCfg = Debug|x86
		{F2F2A8D3-B07E-48E7-965E-B169D698F0E1}.Debug|Mixed Platforms.ActiveCfg = Debug|x86
		{F2F2A8D3-B07E-48E7-965E-B169D698F0E1}.Debug|Mixed Platforms.Build.0 = Debug|x86
		{F2F2A8D3-B07E-48E7-965E-B169D698F0E1}.Debug|x86.ActiveCfg = Debug|x86
		{F2F2A8D3-B07E-48E7-965E-B169D698F0E1}.Debug|x86.Build.0 = Debug|x86
		{F2F2A8D3-B07E-48E7-965E-B169D698F0E1}.Production|Any CPU.ActiveCfg = Production|x86
		{F2F2A8D3-B07E-48E7-965E-B169D698F0E1}.Production|Mixed Platforms.ActiveCfg = Production|x86
		{F2F2A8D3-B07E-48E7-965E-B169D698F0E1}.Production|Mixed Platforms.Build.0 = Production|x86
		{F2F2A8D3-B07E-48E7-965E-B169D698F0E1}.Production|x86.ActiveCfg = Production|x86
		{F2F2A8D3-B07E-48E7-965E-B169D698F0E1}.Production|x86.Build.0 = Production|x86
		{F2F2A8D3-B07E-48E7-965E-B169D698F0E1}.Release|Any CPU.ActiveCfg = Release|x86
		{F2F2A8D3-B07E-48E7-965E-B169D698F0E1}.Release|Mixed Platforms.ActiveCfg = Release|x86
		{F2F2A8D3-B07E-48E7-965E-B169D698F0E1}.Release|Mixed Platforms.Build.0 = Release|x86
		{F2F2A8D3-B07E-48E7-965E-B169D698F0E1}.Release|x86.ActiveCfg = Release|x86
		{F2F2A8D3-B07E-48E7-965E-B169D698F0E1}.Release|x86.Build.0 = Release|x86
		{F2F2A8D3-B07E-48E7-965E-B169D698F0E1}.UAT|Any CPU.ActiveCfg = UAT|x86
		{F2F2A8D3-B07E-48E7-965E-B169D698F0E1}.UAT|Mixed Platforms.ActiveCfg = UAT|x86
		{F2F2A8D3-B07E-48E7-965E-B169D698F0E1}.UAT|Mixed Platforms.Build.0 = UAT|x86
		{F2F2A8D3-B07E-48E7-965E-B169D698F0E1}.UAT|x86.ActiveCfg = UAT|x86
		{F2F2A8D3-B07E-48E7-965E-B169D698F0E1}.UAT|x86.Build.0 = UAT|x86
		{37EADFCD-041A-4815-B1D8-B6CEF2862892}.Debug|Any CPU.ActiveCfg = Debug|Any CPU
		{37EADFCD-041A-4815-B1D8-B6CEF2862892}.Debug|Any CPU.Build.0 = Debug|Any CPU
		{37EADFCD-041A-4815-B1D8-B6CEF2862892}.Debug|Mixed Platforms.ActiveCfg = Debug|Any CPU
		{37EADFCD-041A-4815-B1D8-B6CEF2862892}.Debug|Mixed Platforms.Build.0 = Debug|Any CPU
		{37EADFCD-041A-4815-B1D8-B6CEF2862892}.Debug|x86.ActiveCfg = Debug|Any CPU
		{37EADFCD-041A-4815-B1D8-B6CEF2862892}.Production|Any CPU.ActiveCfg = Production|Any CPU
		{37EADFCD-041A-4815-B1D8-B6CEF2862892}.Production|Any CPU.Build.0 = Production|Any CPU
		{37EADFCD-041A-4815-B1D8-B6CEF2862892}.Production|Mixed Platforms.ActiveCfg = Production|Any CPU
		{37EADFCD-041A-4815-B1D8-B6CEF2862892}.Production|Mixed Platforms.Build.0 = Production|Any CPU
		{37EADFCD-041A-4815-B1D8-B6CEF2862892}.Production|x86.ActiveCfg = Production|Any CPU
		{37EADFCD-041A-4815-B1D8-B6CEF2862892}.Release|Any CPU.ActiveCfg = Release|Any CPU
		{37EADFCD-041A-4815-B1D8-B6CEF2862892}.Release|Any CPU.Build.0 = Release|Any CPU
		{37EADFCD-041A-4815-B1D8-B6CEF2862892}.Release|Mixed Platforms.ActiveCfg = Release|Any CPU
		{37EADFCD-041A-4815-B1D8-B6CEF2862892}.Release|Mixed Platforms.Build.0 = Release|Any CPU
		{37EADFCD-041A-4815-B1D8-B6CEF2862892}.Release|x86.ActiveCfg = Release|Any CPU
		{37EADFCD-041A-4815-B1D8-B6CEF2862892}.UAT|Any CPU.ActiveCfg = UAT|Any CPU
		{37EADFCD-041A-4815-B1D8-B6CEF2862892}.UAT|Any CPU.Build.0 = UAT|Any CPU
		{37EADFCD-041A-4815-B1D8-B6CEF2862892}.UAT|Mixed Platforms.ActiveCfg = UAT|Any CPU
		{37EADFCD-041A-4815-B1D8-B6CEF2862892}.UAT|Mixed Platforms.Build.0 = UAT|Any CPU
		{37EADFCD-041A-4815-B1D8-B6CEF2862892}.UAT|x86.ActiveCfg = UAT|Any CPU
	EndGlobalSection
	GlobalSection(SolutionProperties) = preSolution
		HideSolutionNode = FALSE
	EndGlobalSection
	GlobalSection(NestedProjects) = preSolution
		{3408D3E7-809F-4BCB-B102-7E449D75F786} = {ECB523E6-D7D7-43DD-8D77-FF0D138E4210}
		{11662EB6-9FB0-4C64-A815-37E8F5490D71} = {ECB523E6-D7D7-43DD-8D77-FF0D138E4210}
		{D7113DCD-84EB-45FE-8ED5-7565FF239BBA} = {ECB523E6-D7D7-43DD-8D77-FF0D138E4210}
		{D030EBAC-67F7-4F40-A379-7139402A93DE} = {ECB523E6-D7D7-43DD-8D77-FF0D138E4210}
		{3699D9BC-8E99-4471-A7EA-2BD943F0B2E0} = {ECB523E6-D7D7-43DD-8D77-FF0D138E4210}
		{F2F2A8D3-B07E-48E7-965E-B169D698F0E1} = {ECB523E6-D7D7-43DD-8D77-FF0D138E4210}
		{5051A0FF-41F2-4B80-B218-40B03AE7524E} = {0E33916A-5CEE-424B-8989-C6C051C4A11A}
		{4363B988-7C52-466D-913A-D014470586DE} = {0E33916A-5CEE-424B-8989-C6C051C4A11A}
		{37EADFCD-041A-4815-B1D8-B6CEF2862892} = {0E33916A-5CEE-424B-8989-C6C051C4A11A}
	EndGlobalSection
EndGlobal
